
Microsoft Visual Studio Solution File, Format Version 12.00
# Visual Studio 2013
VisualStudioVersion = 12.0.31101.0
MinimumVisualStudioVersion = 10.0.40219.1
Project("{FAE04EC0-301F-11D3-BF4B-00C04F79EFBC}") = "TerminalDecay5Server", "TerminalDecay5Server\TerminalDecay5Server.csproj", "{6B372401-8681-4E5E-BFEB-A7439C5B611B}"
EndProject
Project("{FAE04EC0-301F-11D3-BF4B-00C04F79EFBC}") = "TerminalDecay5Client", "..\TerminalDecay5Client\TerminalDecay5Client.csproj", "{E5630F90-B08D-4A0A-8B44-07804F09E008}"
EndProject
Global
	GlobalSection(SolutionConfigurationPlatforms) = preSolution
		Debug|Any CPU = Debug|Any CPU
		Release|Any CPU = Release|Any CPU
	EndGlobalSection
	GlobalSection(ProjectConfigurationPlatforms) = postSolution
		{6B372401-8681-4E5E-BFEB-A7439C5B611B}.Debug|Any CPU.ActiveCfg = Debug|Any CPU
		{6B372401-8681-4E5E-BFEB-A7439C5B611B}.Debug|Any CPU.Build.0 = Debug|Any CPU
		{6B372401-8681-4E5E-BFEB-A7439C5B611B}.Release|Any CPU.ActiveCfg = Release|Any CPU
		{6B372401-8681-4E5E-BFEB-A7439C5B611B}.Release|Any CPU.Build.0 = Release|Any CPU
		{E5630F90-B08D-4A0A-8B44-07804F09E008}.Debug|Any CPU.ActiveCfg = Debug|Any CPU
		{E5630F90-B08D-4A0A-8B44-07804F09E008}.Debug|Any CPU.Build.0 = Debug|Any CPU
		{E5630F90-B08D-4A0A-8B44-07804F09E008}.Release|Any CPU.ActiveCfg = Release|Any CPU
		{E5630F90-B08D-4A0A-8B44-07804F09E008}.Release|Any CPU.Build.0 = Release|Any CPU
	EndGlobalSection
	GlobalSection(SolutionProperties) = preSolution
		HideSolutionNode = FALSE
	EndGlobalSection
EndGlobal
